{
  "originHash" : "67e1c9b65a10b1de4a6e23c121b67b5fa172b1812971cd4dc1145a36d837b6be",
  "pins" : [
    {
      "identity" : "swiftstylekit",
      "kind" : "remoteSourceControl",
      "location" : "https://github.com/UnpxreTW/SwiftStyleKit.git",
      "state" : {
        "revision" : "bdbad295d10c00c742df250a176e3b119351d634",
        "version" : "2.1.0"
      }
    }
  ],
  "version" : 3
}
