{
  "originHash" : "6e74bf3cad4e0ccb0123758c52eecfafb12a2a66e0ea012acb543282476ba099",
  "pins" : [
    {
      "identity" : "swiftstylekit",
      "kind" : "remoteSourceControl",
      "location" : "https://github.com/UnpxreTW/SwiftStyleKit.git",
      "state" : {
        "revision" : "8eb6ec1a89da5d9ea60cdf9404344aaafdbf3e4c",
        "version" : "2.0.1"
      }
    }
  ],
  "version" : 3
}
