{
  "originHash" : "cea30adec76bd430ac4f19c70b355a831882d5dc13162f2a22ed90d2971a092a",
  "pins" : [
    {
      "identity" : "swiftstylekit",
      "kind" : "remoteSourceControl",
      "location" : "https://github.com/UnpxreTW/SwiftStyleKit.git",
      "state" : {
        "revision" : "9880b8c4d80e87b76d693b2bb3a9c9de5895a6c5",
        "version" : "1.2.0"
      }
    }
  ],
  "version" : 3
}
